{
  "name": "algolens",
  "version": "0.1.0",
  "lockfileVersion": 3,
  "requires": true,
  "packages": {
    "": {
      "name": "algolens",
      "version": "0.1.0",
      "license": "MIT",
      "workspaces": [
        "apps/*",
        "packages/*"
      ],
      "engines": {
        "node": ">=18.18.0",
        "npm": ">=10.0.0"
      }
    },
    "apps/extension": {
      "name": "@algolens/extension",
      "version": "0.1.0"
    },
    "apps/webview": {
      "name": "@algolens/webview",
      "version": "0.1.0"
    },
    "node_modules/@algolens/ai": {
      "resolved": "packages/ai",
      "link": true
    },
    "node_modules/@algolens/analyzer": {
      "resolved": "packages/analyzer",
      "link": true
    },
    "node_modules/@algolens/benchmark": {
      "resolved": "packages/benchmark",
      "link": true
    },
    "node_modules/@algolens/core": {
      "resolved": "packages/core",
      "link": true
    },
    "node_modules/@algolens/documentation": {
      "resolved": "packages/documentation",
      "link": true
    },
    "node_modules/@algolens/extension": {
      "resolved": "apps/extension",
      "link": true
    },
    "node_modules/@algolens/optimizer": {
      "resolved": "packages/optimizer",
      "link": true
    },
    "node_modules/@algolens/parser": {
      "resolved": "packages/parser",
      "link": true
    },
    "node_modules/@algolens/runtime": {
      "resolved": "packages/runtime",
      "link": true
    },
    "node_modules/@algolens/security": {
      "resolved": "packages/security",
      "link": true
    },
    "node_modules/@algolens/shared": {
      "resolved": "packages/shared",
      "link": true
    },
    "node_modules/@algolens/storage": {
      "resolved": "packages/storage",
      "link": true
    },
    "node_modules/@algolens/ui": {
      "resolved": "packages/ui",
      "link": true
    },
    "node_modules/@algolens/visualization": {
      "resolved": "packages/visualization",
      "link": true
    },
    "node_modules/@algolens/webview": {
      "resolved": "apps/webview",
      "link": true
    },
    "packages/ai": {
      "name": "@algolens/ai",
      "version": "0.1.0"
    },
    "packages/analyzer": {
      "name": "@algolens/analyzer",
      "version": "0.1.0"
    },
    "packages/benchmark": {
      "name": "@algolens/benchmark",
      "version": "0.1.0"
    },
    "packages/core": {
      "name": "@algolens/core",
      "version": "0.1.0"
    },
    "packages/documentation": {
      "name": "@algolens/documentation",
      "version": "0.1.0"
    },
    "packages/optimizer": {
      "name": "@algolens/optimizer",
      "version": "0.1.0"
    },
    "packages/parser": {
      "name": "@algolens/parser",
      "version": "0.1.0"
    },
    "packages/runtime": {
      "name": "@algolens/runtime",
      "version": "0.1.0"
    },
    "packages/security": {
      "name": "@algolens/security",
      "version": "0.1.0"
    },
    "packages/shared": {
      "name": "@algolens/shared",
      "version": "0.1.0"
    },
    "packages/storage": {
      "name": "@algolens/storage",
      "version": "0.1.0"
    },
    "packages/ui": {
      "name": "@algolens/ui",
      "version": "0.1.0"
    },
    "packages/visualization": {
      "name": "@algolens/visualization",
      "version": "0.1.0"
    }
  }
}
